
Microsoft Visual Studio Solution File, Format Version 12.00
# Visual Studio 2015
Project("{FAE04EC0-301F-11D3-BF4B-00C04F79EFBC}") = "Advanced_HTC_Vive_StartToFinish", "Advanced_HTC_Vive_StartToFinish.csproj", "{47F481E1-0799-78BC-7A38-1988DBD4A64C}"
EndProject
Project("{FAE04EC0-301F-11D3-BF4B-00C04F79EFBC}") = "Advanced_HTC_Vive_StartToFinish.Editor", "Advanced_HTC_Vive_StartToFinish.Editor.csproj", "{180F36C3-974E-9E18-D4DC-FDA1121BBFDF}"
EndProject
Global
	GlobalSection(SolutionConfigurationPlatforms) = preSolution
		Debug|Any CPU = Debug|Any CPU
		Release|Any CPU = Release|Any CPU
	EndGlobalSection
	GlobalSection(ProjectConfigurationPlatforms) = postSolution
		{47F481E1-0799-78BC-7A38-1988DBD4A64C}.Debug|Any CPU.ActiveCfg = Debug|Any CPU
		{47F481E1-0799-78BC-7A38-1988DBD4A64C}.Debug|Any CPU.Build.0 = Debug|Any CPU
		{47F481E1-0799-78BC-7A38-1988DBD4A64C}.Release|Any CPU.ActiveCfg = Release|Any CPU
		{47F481E1-0799-78BC-7A38-1988DBD4A64C}.Release|Any CPU.Build.0 = Release|Any CPU
		{180F36C3-974E-9E18-D4DC-FDA1121BBFDF}.Debug|Any CPU.ActiveCfg = Debug|Any CPU
		{180F36C3-974E-9E18-D4DC-FDA1121BBFDF}.Debug|Any CPU.Build.0 = Debug|Any CPU
		{180F36C3-974E-9E18-D4DC-FDA1121BBFDF}.Release|Any CPU.ActiveCfg = Release|Any CPU
		{180F36C3-974E-9E18-D4DC-FDA1121BBFDF}.Release|Any CPU.Build.0 = Release|Any CPU
	EndGlobalSection
	GlobalSection(SolutionProperties) = preSolution
		HideSolutionNode = FALSE
	EndGlobalSection
EndGlobal
