
Microsoft Visual Studio Solution File, Format Version 12.00
# Visual Studio 2015
Project("{FAE04EC0-301F-11D3-BF4B-00C04F79EFBC}") = "Advanced_HTC_Vive_Final", "Advanced_HTC_Vive_Final.csproj", "{FE02608A-12A3-8806-FFDC-BD71FE897632}"
EndProject
Project("{FAE04EC0-301F-11D3-BF4B-00C04F79EFBC}") = "Advanced_HTC_Vive_Final.Editor", "Advanced_HTC_Vive_Final.Editor.csproj", "{B72E45ED-F75D-5ED6-3B9E-6C39DDBCDBCC}"
EndProject
Global
	GlobalSection(SolutionConfigurationPlatforms) = preSolution
		Debug|Any CPU = Debug|Any CPU
		Release|Any CPU = Release|Any CPU
	EndGlobalSection
	GlobalSection(ProjectConfigurationPlatforms) = postSolution
		{FE02608A-12A3-8806-FFDC-BD71FE897632}.Debug|Any CPU.ActiveCfg = Debug|Any CPU
		{FE02608A-12A3-8806-FFDC-BD71FE897632}.Debug|Any CPU.Build.0 = Debug|Any CPU
		{FE02608A-12A3-8806-FFDC-BD71FE897632}.Release|Any CPU.ActiveCfg = Release|Any CPU
		{FE02608A-12A3-8806-FFDC-BD71FE897632}.Release|Any CPU.Build.0 = Release|Any CPU
		{B72E45ED-F75D-5ED6-3B9E-6C39DDBCDBCC}.Debug|Any CPU.ActiveCfg = Debug|Any CPU
		{B72E45ED-F75D-5ED6-3B9E-6C39DDBCDBCC}.Debug|Any CPU.Build.0 = Debug|Any CPU
		{B72E45ED-F75D-5ED6-3B9E-6C39DDBCDBCC}.Release|Any CPU.ActiveCfg = Release|Any CPU
		{B72E45ED-F75D-5ED6-3B9E-6C39DDBCDBCC}.Release|Any CPU.Build.0 = Release|Any CPU
	EndGlobalSection
	GlobalSection(SolutionProperties) = preSolution
		HideSolutionNode = FALSE
	EndGlobalSection
EndGlobal
